// !$*UTF8*$!
{
	archiveVersion = 1;
	classes = {
	};
	objectVersion = 77;
	objects = {

/* Begin PBXContainerItemProxy section */
		F196103C2E4CD16A0018424F /* PBXContainerItemProxy */ = {
			isa = PBXContainerItemProxy;
			containerPortal = F19610262E4CD1680018424F /* Project object */;
			proxyType = 1;
			remoteGlobalIDString = F196102D2E4CD1680018424F;
			remoteInfo = "MEAL AI";
		};
		F19610462E4CD16A0018424F /* PBXContainerItemProxy */ = {
			isa = PBXContainerItemProxy;
			containerPortal = F19610262E4CD1680018424F /* Project object */;
			proxyType = 1;
			remoteGlobalIDString = F196102D2E4CD1680018424F;
			remoteInfo = "MEAL AI";
		};
/* End PBXContainerItemProxy section */

/* Begin PBXFileReference section */
		F196102E2E4CD1680018424F /* MEAL AI.app */ = {isa = PBXFileReference; explicitFileType = wrapper.application; includeInIndex = 0; path = "MEAL AI.app"; sourceTree = BUILT_PRODUCTS_DIR; };
		F196103B2E4CD16A0018424F /* MEAL AITests.xctest */ = {isa = PBXFileReference; explicitFileType = wrapper.cfbundle; includeInIndex = 0; path = "MEAL AITests.xctest"; sourceTree = BUILT_PRODUCTS_DIR; };
		F19610452E4CD16A0018424F /* MEAL AIUITests.xctest */ = {isa = PBXFileReference; explicitFileType = wrapper.cfbundle; includeInIndex = 0; path = "MEAL AIUITests.xctest"; sourceTree = BUILT_PRODUCTS_DIR; };
/* End PBXFileReference section */

/* Begin PBXFileSystemSynchronizedRootGroup section */
		F19610302E4CD1680018424F /* MEAL AI */ = {
			isa = PBXFileSystemSynchronizedRootGroup;
			path = "MEAL AI";
			sourceTree = "<group>";
		};
		F196103E2E4CD16A0018424F /* MEAL AITests */ = {
			isa = PBXFileSystemSynchronizedRootGroup;
			path = "MEAL AITests";
			sourceTree = "<group>";
		};
		F19610482E4CD16A0018424F /* MEAL AIUITests */ = {
			isa = PBXFileSystemSynchronizedRootGroup;
			path = "MEAL AIUITests";
			sourceTree = "<group>";
		};
/* End PBXFileSystemSynchronizedRootGroup section */

/* Begin PBXFrameworksBuildPhase section */
		F196102B2E4CD1680018424F /* Frameworks */ = {
			isa = PBXFrameworksBuildPhase;
			buildActionMask = 2147483647;
			files = (
			);
			runOnlyForDeploymentPostprocessing = 0;
		};
		F19610382E4CD16A0018424F /* Frameworks */ = {
			isa = PBXFrameworksBuildPhase;
			buildActionMask = 2147483647;
			files = (
			);
			runOnlyForDeploymentPostprocessing = 0;
		};
		F19610422E4CD16A0018424F /* Frameworks */ = {
			isa = PBXFrameworksBuildPhase;
			buildActionMask = 2147483647;
			files = (
			);
			runOnlyForDeploymentPostprocessing = 0;
		};
/* End PBXFrameworksBuildPhase section */

/* Begin PBXGroup section */
		F19610252E4CD1680018424F = {
			isa = PBXGroup;
			children = (
				F19610302E4CD1680018424F /* MEAL AI */,
				F196103E2E4CD16A0018424F /* MEAL AITests */,
				F19610482E4CD16A0018424F /* MEAL AIUITests */,
				F196102F2E4CD1680018424F /* Products */,
			);
			sourceTree = "<group>";
		};
		F196102F2E4CD1680018424F /* Products */ = {
			isa = PBXGroup;
			children = (
				F196102E2E4CD1680018424F /* MEAL AI.app */,
				F196103B2E4CD16A0018424F /* MEAL AITests.xctest */,
				F19610452E4CD16A0018424F /* MEAL AIUITests.xctest */,
			);
			name = Products;
			sourceTree = "<group>";
		};
/* End PBXGroup section */

/* Begin PBXNativeTarget section */
		F196102D2E4CD1680018424F /* MEAL AI */ = {
			isa = PBXNativeTarget;
			buildConfigurationList = F196104F2E4CD16A0018424F /* Build configuration list for PBXNativeTarget "MEAL AI" */;
			buildPhases = (
				F196102A2E4CD1680018424F /* Sources */,
				F196102B2E4CD1680018424F /* Frameworks */,
				F196102C2E4CD1680018424F /* Resources */,
			);
			buildRules = (
			);
			dependencies = (
			);
			fileSystemSynchronizedGroups = (
				F19610302E4CD1680018424F /* MEAL AI */,
			);
			name = "MEAL AI";
			packageProductDependencies = (
			);
			productName = "MEAL AI";
			productReference = F196102E2E4CD1680018424F /* MEAL AI.app */;
			productType = "com.apple.product-type.application";
		};
		F196103A2E4CD16A0018424F /* MEAL AITests */ = {
			isa = PBXNativeTarget;
			buildConfigurationList = F19610522E4CD16A0018424F /* Build configuration list for PBXNativeTarget "MEAL AITests" */;
			buildPhases = (
				F19610372E4CD16A0018424F /* Sources */,
				F19610382E4CD16A0018424F /* Frameworks */,
				F19610392E4CD16A0018424F /* Resources */,
			);
			buildRules = (
			);
			dependencies = (
				F196103D2E4CD16A0018424F /* PBXTargetDependency */,
			);
			fileSystemSynchronizedGroups = (
				F196103E2E4CD16A0018424F /* MEAL AITests */,
			);
			name = "MEAL AITests";
			packageProductDependencies = (
			);
			productName = "MEAL AITests";
			productReference = F196103B2E4CD16A0018424F /* MEAL AITests.xctest */;
			productType = "com.apple.product-type.bundle.unit-test";
		};
		F19610442E4CD16A0018424F /* MEAL AIUITests */ = {
			isa = PBXNativeTarget;
			buildConfigurationList = F19610552E4CD16A0018424F /* Build configuration list for PBXNativeTarget "MEAL AIUITests" */;
			buildPhases = (
				F19610412E4CD16A0018424F /* Sources */,
				F19610422E4CD16A0018424F /* Frameworks */,
				F19610432E4CD16A0018424F /* Resources */,
			);
			buildRules = (
			);
			dependencies = (
				F19610472E4CD16A0018424F /* PBXTargetDependency */,
			);
			fileSystemSynchronizedGroups = (
				F19610482E4CD16A0018424F /* MEAL AIUITests */,
			);
			name = "MEAL AIUITests";
			packageProductDependencies = (
			);
			productName = "MEAL AIUITests";
			productReference = F19610452E4CD16A0018424F /* MEAL AIUITests.xctest */;
			productType = "com.apple.product-type.bundle.ui-testing";
		};
/* End PBXNativeTarget section */

/* Begin PBXProject section */
		F19610262E4CD1680018424F /* Project object */ = {
			isa = PBXProject;
			attributes = {
				BuildIndependentTargetsInParallel = 1;
				LastSwiftUpdateCheck = 1640;
				LastUpgradeCheck = 1640;
				TargetAttributes = {
					F196102D2E4CD1680018424F = {
						CreatedOnToolsVersion = 16.4;
						LastSwiftMigration = 1640;
					};
					F196103A2E4CD16A0018424F = {
						CreatedOnToolsVersion = 16.4;
						TestTargetID = F196102D2E4CD1680018424F;
					};
					F19610442E4CD16A0018424F = {
						CreatedOnToolsVersion = 16.4;
						TestTargetID = F196102D2E4CD1680018424F;
					};
				};
			};
			buildConfigurationList = F19610292E4CD1680018424F /* Build configuration list for PBXProject "MEAL AI" */;
			developmentRegion = en;
			hasScannedForEncodings = 0;
			knownRegions = (
				en,
				Base,
				fi,
			);
			mainGroup = F19610252E4CD1680018424F;
			minimizedProjectReferenceProxies = 1;
			preferredProjectObjectVersion = 77;
			productRefGroup = F196102F2E4CD1680018424F /* Products */;
			projectDirPath = "";
			projectRoot = "";
			targets = (
				F196102D2E4CD1680018424F /* MEAL AI */,
				F196103A2E4CD16A0018424F /* MEAL AITests */,
				F19610442E4CD16A0018424F /* MEAL AIUITests */,
			);
		};
/* End PBXProject section */

/* Begin PBXResourcesBuildPhase section */
		F196102C2E4CD1680018424F /* Resources */ = {
			isa = PBXResourcesBuildPhase;
			buildActionMask = 2147483647;
			files = (
			);
			runOnlyForDeploymentPostprocessing = 0;
		};
		F19610392E4CD16A0018424F /* Resources */ = {
			isa = PBXResourcesBuildPhase;
			buildActionMask = 2147483647;
			files = (
			);
			runOnlyForDeploymentPostprocessing = 0;
		};
		F19610432E4CD16A0018424F /* Resources */ = {
			isa = PBXResourcesBuildPhase;
			buildActionMask = 2147483647;
			files = (
			);
			runOnlyForDeploymentPostprocessing = 0;
		};
/* End PBXResourcesBuildPhase section */

/* Begin PBXSourcesBuildPhase section */
		F196102A2E4CD1680018424F /* Sources */ = {
			isa = PBXSourcesBuildPhase;
			buildActionMask = 2147483647;
			files = (
			);
			runOnlyForDeploymentPostprocessing = 0;
		};
		F19610372E4CD16A0018424F /* Sources */ = {
			isa = PBXSourcesBuildPhase;
			buildActionMask = 2147483647;
			files = (
			);
			runOnlyForDeploymentPostprocessing = 0;
		};
		F19610412E4CD16A0018424F /* Sources */ = {
			isa = PBXSourcesBuildPhase;
			buildActionMask = 2147483647;
			files = (
			);
			runOnlyForDeploymentPostprocessing = 0;
		};
/* End PBXSourcesBuildPhase section */

/* Begin PBXTargetDependency section */
		F196103D2E4CD16A0018424F /* PBXTargetDependency */ = {
			isa = PBXTargetDependency;
			target = F196102D2E4CD1680018424F /* MEAL AI */;
			targetProxy = F196103C2E4CD16A0018424F /* PBXContainerItemProxy */;
		};
		F19610472E4CD16A0018424F /* PBXTargetDependency */ = {
			isa = PBXTargetDependency;
			target = F196102D2E4CD1680018424F /* MEAL AI */;
			targetProxy = F19610462E4CD16A0018424F /* PBXContainerItemProxy */;
		};
/* End PBXTargetDependency section */

/* Begin XCBuildConfiguration section */
		F196104D2E4CD16A0018424F /* Debug */ = {
			isa = XCBuildConfiguration;
			buildSettings = {
				ALWAYS_SEARCH_USER_PATHS = NO;
				ASSETCATALOG_COMPILER_GENERATE_SWIFT_ASSET_SYMBOL_EXTENSIONS = YES;
				CLANG_ANALYZER_LOCALIZABILITY_NONLOCALIZED = YES;
				CLANG_ANALYZER_NONNULL = YES;
				CLANG_ANALYZER_NUMBER_OBJECT_CONVERSION = YES_AGGRESSIVE;
				CLANG_CXX_LANGUAGE_STANDARD = "gnu++20";
				CLANG_ENABLE_MODULES = YES;
				CLANG_ENABLE_OBJC_ARC = YES;
				CLANG_ENABLE_OBJC_WEAK = YES;
				CLANG_WARN_BLOCK_CAPTURE_AUTORELEASING = YES;
				CLANG_WARN_BOOL_CONVERSION = YES;
				CLANG_WARN_COMMA = YES;
				CLANG_WARN_CONSTANT_CONVERSION = YES;
				CLANG_WARN_DEPRECATED_OBJC_IMPLEMENTATIONS = YES;
				CLANG_WARN_DIRECT_OBJC_ISA_USAGE = YES_ERROR;
				CLANG_WARN_DOCUMENTATION_COMMENTS = YES;
				CLANG_WARN_EMPTY_BODY = YES;
				CLANG_WARN_ENUM_CONVERSION = YES;
				CLANG_WARN_INFINITE_RECURSION = YES;
				CLANG_WARN_INT_CONVERSION = YES;
				CLANG_WARN_NON_LITERAL_NULL_CONVERSION = YES;
				CLANG_WARN_OBJC_IMPLICIT_RETAIN_SELF = YES;
				CLANG_WARN_OBJC_LITERAL_CONVERSION = YES;
				CLANG_WARN_OBJC_ROOT_CLASS = YES_ERROR;
				CLANG_WARN_QUOTED_INCLUDE_IN_FRAMEWORK_HEADER = YES;
				CLANG_WARN_RANGE_LOOP_ANALYSIS = YES;
				CLANG_WARN_STRICT_PROTOTYPES = YES;
				CLANG_WARN_SUSPICIOUS_MOVE = YES;
				CLANG_WARN_UNGUARDED_AVAILABILITY = YES_AGGRESSIVE;
				CLANG_WARN_UNREACHABLE_CODE = YES;
				CLANG_WARN__DUPLICATE_METHOD_MATCH = YES;
				COPY_PHASE_STRIP = NO;
				DEBUG_INFORMATION_FORMAT = dwarf;
				DEVELOPMENT_TEAM = V2P3XJ8233;
				ENABLE_STRICT_OBJC_MSGSEND = YES;
				ENABLE_TESTABILITY = YES;
				ENABLE_USER_SCRIPT_SANDBOXING = YES;
				GCC_C_LANGUAGE_STANDARD = gnu17;
				GCC_DYNAMIC_NO_PIC = NO;
				GCC_NO_COMMON_BLOCKS = YES;
				GCC_OPTIMIZATION_LEVEL = 0;
				GCC_PREPROCESSOR_DEFINITIONS = (
					"DEBUG=1",
					"$(inherited)",
				);
				GCC_WARN_64_TO_32_BIT_CONVERSION = YES;
				GCC_WARN_ABOUT_RETURN_TYPE = YES_ERROR;
				GCC_WARN_UNDECLARED_SELECTOR = YES;
				GCC_WARN_UNINITIALIZED_AUTOS = YES_AGGRESSIVE;
				GCC_WARN_UNUSED_FUNCTION = YES;
				GCC_WARN_UNUSED_VARIABLE = YES;
				IPHONEOS_DEPLOYMENT_TARGET = 18.5;
				LOCALIZATION_PREFERS_STRING_CATALOGS = YES;
				MTL_ENABLE_DEBUG_INFO = INCLUDE_SOURCE;
				MTL_FAST_MATH = YES;
				ONLY_ACTIVE_ARCH = YES;
				SDKROOT = iphoneos;
				SWIFT_ACTIVE_COMPILATION_CONDITIONS = "DEBUG $(inherited)";
				SWIFT_OPTIMIZATION_LEVEL = "-Onone";
			};
			name = Debug;
		};
		F196104E2E4CD16A0018424F /* Release */ = {
			isa = XCBuildConfiguration;
			buildSettings = {
				ALWAYS_SEARCH_USER_PATHS = NO;
				ASSETCATALOG_COMPILER_GENERATE_SWIFT_ASSET_SYMBOL_EXTENSIONS = YES;
				CLANG_ANALYZER_LOCALIZABILITY_NONLOCALIZED = YES;
				CLANG_ANALYZER_NONNULL = YES;
				CLANG_ANALYZER_NUMBER_OBJECT_CONVERSION = YES_AGGRESSIVE;
				CLANG_CXX_LANGUAGE_STANDARD = "gnu++20";
				CLANG_ENABLE_MODULES = YES;
				CLANG_ENABLE_OBJC_ARC = YES;
				CLANG_ENABLE_OBJC_WEAK = YES;
				CLANG_WARN_BLOCK_CAPTURE_AUTORELEASING = YES;
				CLANG_WARN_BOOL_CONVERSION = YES;
				CLANG_WARN_COMMA = YES;
				CLANG_WARN_CONSTANT_CONVERSION = YES;
				CLANG_WARN_DEPRECATED_OBJC_IMPLEMENTATIONS = YES;
				CLANG_WARN_DIRECT_OBJC_ISA_USAGE = YES_ERROR;
				CLANG_WARN_DOCUMENTATION_COMMENTS = YES;
				CLANG_WARN_EMPTY_BODY = YES;
				CLANG_WARN_ENUM_CONVERSION = YES;
				CLANG_WARN_INFINITE_RECURSION = YES;
				CLANG_WARN_INT_CONVERSION = YES;
				CLANG_WARN_NON_LITERAL_NULL_CONVERSION = YES;
				CLANG_WARN_OBJC_IMPLICIT_RETAIN_SELF = YES;
				CLANG_WARN_OBJC_LITERAL_CONVERSION = YES;
				CLANG_WARN_OBJC_ROOT_CLASS = YES_ERROR;
				CLANG_WARN_QUOTED_INCLUDE_IN_FRAMEWORK_HEADER = YES;
				CLANG_WARN_RANGE_LOOP_ANALYSIS = YES;
				CLANG_WARN_STRICT_PROTOTYPES = YES;
				CLANG_WARN_SUSPICIOUS_MOVE = YES;
				CLANG_WARN_UNGUARDED_AVAILABILITY = YES_AGGRESSIVE;
				CLANG_WARN_UNREACHABLE_CODE = YES;
				CLANG_WARN__DUPLICATE_METHOD_MATCH = YES;
				COPY_PHASE_STRIP = NO;
				DEBUG_INFORMATION_FORMAT = "dwarf-with-dsym";
				DEVELOPMENT_TEAM = V2P3XJ8233;
				ENABLE_NS_ASSERTIONS = NO;
				ENABLE_STRICT_OBJC_MSGSEND = YES;
				ENABLE_USER_SCRIPT_SANDBOXING = YES;
				GCC_C_LANGUAGE_STANDARD = gnu17;
				GCC_NO_COMMON_BLOCKS = YES;
				GCC_WARN_64_TO_32_BIT_CONVERSION = YES;
				GCC_WARN_ABOUT_RETURN_TYPE = YES_ERROR;
				GCC_WARN_UNDECLARED_SELECTOR = YES;
				GCC_WARN_UNINITIALIZED_AUTOS = YES_AGGRESSIVE;
				GCC_WARN_UNUSED_FUNCTION = YES;
				GCC_WARN_UNUSED_VARIABLE = YES;
				IPHONEOS_DEPLOYMENT_TARGET = 18.5;
				LOCALIZATION_PREFERS_STRING_CATALOGS = YES;
				MTL_ENABLE_DEBUG_INFO = NO;
				MTL_FAST_MATH = YES;
				SDKROOT = iphoneos;
				SWIFT_COMPILATION_MODE = wholemodule;
				VALIDATE_PRODUCT = YES;
			};
			name = Release;
		};
		F19610502E4CD16A0018424F /* Debug */ = {
			isa = XCBuildConfiguration;
			buildSettings = {
				ASSETCATALOG_COMPILER_APPICON_NAME = AppIcon;
				ASSETCATALOG_COMPILER_GLOBAL_ACCENT_COLOR_NAME = AccentColor;
				CLANG_ENABLE_MODULES = YES;
				CODE_SIGN_ENTITLEMENTS = "MEAL AI/MEAL AI.entitlements";
				CODE_SIGN_STYLE = Automatic;
				CURRENT_PROJECT_VERSION = 1;
				DEVELOPMENT_TEAM = V2P3XJ8233;
				ENABLE_PREVIEWS = YES;
				GENERATE_INFOPLIST_FILE = YES;
				INFOPLIST_FILE = "MEAL-AI-Info.plist";
				INFOPLIST_KEY_NSCameraUsageDescription = "Anna lupa kuvien ottamiselle";
				INFOPLIST_KEY_NSPhotoLibraryUsageDescription = "Anna lupa kuven käyttämiselle";
				INFOPLIST_KEY_UIApplicationSceneManifest_Generation = YES;
				INFOPLIST_KEY_UIApplicationSupportsIndirectInputEvents = YES;
				INFOPLIST_KEY_UILaunchScreen_Generation = YES;
				INFOPLIST_KEY_UISupportedInterfaceOrientations_iPad = "UIInterfaceOrientationPortrait UIInterfaceOrientationPortraitUpsideDown UIInterfaceOrientationLandscapeLeft UIInterfaceOrientationLandscapeRight";
				INFOPLIST_KEY_UISupportedInterfaceOrientations_iPhone = "UIInterfaceOrientationPortrait UIInterfaceOrientationLandscapeLeft UIInterfaceOrientationLandscapeRight";
				LD_RUNPATH_SEARCH_PATHS = (
					"$(inherited)",
					"@executable_path/Frameworks",
				);
				MARKETING_VERSION = 1.0;
				PRODUCT_BUNDLE_IDENTIFIER = com.laurilaitinen.mealai;
				PRODUCT_NAME = "$(TARGET_NAME)";
				SWIFT_EMIT_LOC_STRINGS = YES;
				SWIFT_OBJC_BRIDGING_HEADER = "MEAL AI/MEAL AI-Bridging-Header.h";
				SWIFT_OPTIMIZATION_LEVEL = "-Onone";
				SWIFT_VERSION = 5.0;
				TARGETED_DEVICE_FAMILY = "1,2";
			};
			name = Debug;
		};
		F19610512E4CD16A0018424F /* Release */ = {
			isa = XCBuildConfiguration;
			buildSettings = {
				ASSETCATALOG_COMPILER_APPICON_NAME = AppIcon;
				ASSETCATALOG_COMPILER_GLOBAL_ACCENT_COLOR_NAME = AccentColor;
				CLANG_ENABLE_MODULES = YES;
				CODE_SIGN_ENTITLEMENTS = "MEAL AI/MEAL AI.entitlements";
				CODE_SIGN_STYLE = Automatic;
				CURRENT_PROJECT_VERSION = 1;
				DEVELOPMENT_TEAM = V2P3XJ8233;
				ENABLE_PREVIEWS = YES;
				GENERATE_INFOPLIST_FILE = YES;
				INFOPLIST_FILE = "MEAL-AI-Info.plist";
				INFOPLIST_KEY_NSCameraUsageDescription = "Anna lupa kuvien ottamiselle";
				INFOPLIST_KEY_NSPhotoLibraryUsageDescription = "Anna lupa kuven käyttämiselle";
				INFOPLIST_KEY_UIApplicationSceneManifest_Generation = YES;
				INFOPLIST_KEY_UIApplicationSupportsIndirectInputEvents = YES;
				INFOPLIST_KEY_UILaunchScreen_Generation = YES;
				INFOPLIST_KEY_UISupportedInterfaceOrientations_iPad = "UIInterfaceOrientationPortrait UIInterfaceOrientationPortraitUpsideDown UIInterfaceOrientationLandscapeLeft UIInterfaceOrientationLandscapeRight";
				INFOPLIST_KEY_UISupportedInterfaceOrientations_iPhone = "UIInterfaceOrientationPortrait UIInterfaceOrientationLandscapeLeft UIInterfaceOrientationLandscapeRight";
				LD_RUNPATH_SEARCH_PATHS = (
					"$(inherited)",
					"@executable_path/Frameworks",
				);
				MARKETING_VERSION = 1.0;
				PRODUCT_BUNDLE_IDENTIFIER = com.laurilaitinen.mealai;
				PRODUCT_NAME = "$(TARGET_NAME)";
				SWIFT_EMIT_LOC_STRINGS = YES;
				SWIFT_OBJC_BRIDGING_HEADER = "MEAL AI/MEAL AI-Bridging-Header.h";
				SWIFT_VERSION = 5.0;
				TARGETED_DEVICE_FAMILY = "1,2";
			};
			name = Release;
		};
		F19610532E4CD16A0018424F /* Debug */ = {
			isa = XCBuildConfiguration;
			buildSettings = {
				BUNDLE_LOADER = "$(TEST_HOST)";
				CODE_SIGN_STYLE = Automatic;
				CURRENT_PROJECT_VERSION = 1;
				DEVELOPMENT_TEAM = V2P3XJ8233;
				GENERATE_INFOPLIST_FILE = YES;
				IPHONEOS_DEPLOYMENT_TARGET = 18.5;
				MARKETING_VERSION = 1.0;
				PRODUCT_BUNDLE_IDENTIFIER = "lajtinen.MEAL-AITests";
				PRODUCT_NAME = "$(TARGET_NAME)";
				SWIFT_EMIT_LOC_STRINGS = NO;
				SWIFT_VERSION = 5.0;
				TARGETED_DEVICE_FAMILY = "1,2";
				TEST_HOST = "$(BUILT_PRODUCTS_DIR)/MEAL AI.app/$(BUNDLE_EXECUTABLE_FOLDER_PATH)/MEAL AI";
			};
			name = Debug;
		};
		F19610542E4CD16A0018424F /* Release */ = {
			isa = XCBuildConfiguration;
			buildSettings = {
				BUNDLE_LOADER = "$(TEST_HOST)";
				CODE_SIGN_STYLE = Automatic;
				CURRENT_PROJECT_VERSION = 1;
				DEVELOPMENT_TEAM = V2P3XJ8233;
				GENERATE_INFOPLIST_FILE = YES;
				IPHONEOS_DEPLOYMENT_TARGET = 18.5;
				MARKETING_VERSION = 1.0;
				PRODUCT_BUNDLE_IDENTIFIER = "lajtinen.MEAL-AITests";
				PRODUCT_NAME = "$(TARGET_NAME)";
				SWIFT_EMIT_LOC_STRINGS = NO;
				SWIFT_VERSION = 5.0;
				TARGETED_DEVICE_FAMILY = "1,2";
				TEST_HOST = "$(BUILT_PRODUCTS_DIR)/MEAL AI.app/$(BUNDLE_EXECUTABLE_FOLDER_PATH)/MEAL AI";
			};
			name = Release;
		};
		F19610562E4CD16A0018424F /* Debug */ = {
			isa = XCBuildConfiguration;
			buildSettings = {
				CODE_SIGN_STYLE = Automatic;
				CURRENT_PROJECT_VERSION = 1;
				DEVELOPMENT_TEAM = V2P3XJ8233;
				GENERATE_INFOPLIST_FILE = YES;
				MARKETING_VERSION = 1.0;
				PRODUCT_BUNDLE_IDENTIFIER = "lajtinen.MEAL-AIUITests";
				PRODUCT_NAME = "$(TARGET_NAME)";
				SWIFT_EMIT_LOC_STRINGS = NO;
				SWIFT_VERSION = 5.0;
				TARGETED_DEVICE_FAMILY = "1,2";
				TEST_TARGET_NAME = "MEAL AI";
			};
			name = Debug;
		};
		F19610572E4CD16A0018424F /* Release */ = {
			isa = XCBuildConfiguration;
			buildSettings = {
				CODE_SIGN_STYLE = Automatic;
				CURRENT_PROJECT_VERSION = 1;
				DEVELOPMENT_TEAM = V2P3XJ8233;
				GENERATE_INFOPLIST_FILE = YES;
				MARKETING_VERSION = 1.0;
				PRODUCT_BUNDLE_IDENTIFIER = "lajtinen.MEAL-AIUITests";
				PRODUCT_NAME = "$(TARGET_NAME)";
				SWIFT_EMIT_LOC_STRINGS = NO;
				SWIFT_VERSION = 5.0;
				TARGETED_DEVICE_FAMILY = "1,2";
				TEST_TARGET_NAME = "MEAL AI";
			};
			name = Release;
		};
/* End XCBuildConfiguration section */

/* Begin XCConfigurationList section */
		F19610292E4CD1680018424F /* Build configuration list for PBXProject "MEAL AI" */ = {
			isa = XCConfigurationList;
			buildConfigurations = (
				F196104D2E4CD16A0018424F /* Debug */,
				F196104E2E4CD16A0018424F /* Release */,
			);
			defaultConfigurationIsVisible = 0;
			defaultConfigurationName = Release;
		};
		F196104F2E4CD16A0018424F /* Build configuration list for PBXNativeTarget "MEAL AI" */ = {
			isa = XCConfigurationList;
			buildConfigurations = (
				F19610502E4CD16A0018424F /* Debug */,
				F19610512E4CD16A0018424F /* Release */,
			);
			defaultConfigurationIsVisible = 0;
			defaultConfigurationName = Release;
		};
		F19610522E4CD16A0018424F /* Build configuration list for PBXNativeTarget "MEAL AITests" */ = {
			isa = XCConfigurationList;
			buildConfigurations = (
				F19610532E4CD16A0018424F /* Debug */,
				F19610542E4CD16A0018424F /* Release */,
			);
			defaultConfigurationIsVisible = 0;
			defaultConfigurationName = Release;
		};
		F19610552E4CD16A0018424F /* Build configuration list for PBXNativeTarget "MEAL AIUITests" */ = {
			isa = XCConfigurationList;
			buildConfigurations = (
				F19610562E4CD16A0018424F /* Debug */,
				F19610572E4CD16A0018424F /* Release */,
			);
			defaultConfigurationIsVisible = 0;
			defaultConfigurationName = Release;
		};
/* End XCConfigurationList section */
	};
	rootObject = F19610262E4CD1680018424F /* Project object */;
}
